
Microsoft Visual Studio Solution File, Format Version 12.00
# Visual Studio Version 17
VisualStudioVersion = 17.0.32014.148
MinimumVisualStudioVersion = 10.0.40219.1
Project("{FAE04EC0-301F-11D3-BF4B-00C04F79EFBC}") = "Ubuntu Downloader", "Ubuntu Downloader\Ubuntu Downloader.csproj", "{0F2DA73E-C677-4C3A-A8AC-318FA33CF9FD}"
EndProject
Global
	GlobalSection(SolutionConfigurationPlatforms) = preSolution
		Debug|Any CPU = Debug|Any CPU
		Release|Any CPU = Release|Any CPU
	EndGlobalSection
	GlobalSection(ProjectConfigurationPlatforms) = postSolution
		{0F2DA73E-C677-4C3A-A8AC-318FA33CF9FD}.Debug|Any CPU.ActiveCfg = Debug|Any CPU
		{0F2DA73E-C677-4C3A-A8AC-318FA33CF9FD}.Debug|Any CPU.Build.0 = Debug|Any CPU
		{0F2DA73E-C677-4C3A-A8AC-318FA33CF9FD}.Release|Any CPU.ActiveCfg = Release|Any CPU
		{0F2DA73E-C677-4C3A-A8AC-318FA33CF9FD}.Release|Any CPU.Build.0 = Release|Any CPU
	EndGlobalSection
	GlobalSection(SolutionProperties) = preSolution
		HideSolutionNode = FALSE
	EndGlobalSection
	GlobalSection(ExtensibilityGlobals) = postSolution
		SolutionGuid = {5B184B31-EDDC-41E4-BEC1-F5A1D0725CA2}
	EndGlobalSection
EndGlobal
